
Microsoft Visual Studio Solution File, Format Version 12.00
# Visual Studio Version 17
VisualStudioVersion = 17.10.35027.167
MinimumVisualStudioVersion = 10.0.40219.1
Project("{FAE04EC0-301F-11D3-BF4B-00C04F79EFBC}") = "fib", "fib\fib.csproj", "{BB80B1FA-67EE-410B-9D9F-454976D85D60}"
EndProject
Global
	GlobalSection(SolutionConfigurationPlatforms) = preSolution
		Debug|Any CPU = Debug|Any CPU
		Release|Any CPU = Release|Any CPU
	EndGlobalSection
	GlobalSection(ProjectConfigurationPlatforms) = postSolution
		{BB80B1FA-67EE-410B-9D9F-454976D85D60}.Debug|Any CPU.ActiveCfg = Debug|Any CPU
		{BB80B1FA-67EE-410B-9D9F-454976D85D60}.Debug|Any CPU.Build.0 = Debug|Any CPU
		{BB80B1FA-67EE-410B-9D9F-454976D85D60}.Release|Any CPU.ActiveCfg = Release|Any CPU
		{BB80B1FA-67EE-410B-9D9F-454976D85D60}.Release|Any CPU.Build.0 = Release|Any CPU
	EndGlobalSection
	GlobalSection(SolutionProperties) = preSolution
		HideSolutionNode = FALSE
	EndGlobalSection
	GlobalSection(ExtensibilityGlobals) = postSolution
		SolutionGuid = {981D602A-1748-4E5F-9B9B-3935D9C9BCFF}
	EndGlobalSection
EndGlobal
